// !$*UTF8*$!
{
	archiveVersion = 1;
	classes = {
	};
	objectVersion = 50;
	objects = {

/* Begin PBXBuildFile section */
		7DD47456211753A0005AE955 /* LeagueVC.swift in Sources */ = {isa = PBXBuildFile; fileRef = 7DD47455211753A0005AE955 /* LeagueVC.swift */; };
		7DD47458211753C4005AE955 /* SkillVC.swift in Sources */ = {isa = PBXBuildFile; fileRef = 7DD47457211753C4005AE955 /* SkillVC.swift */; };
		7DD4745A21176012005AE955 /* Player.swift in Sources */ = {isa = PBXBuildFile; fileRef = 7DD4745921176012005AE955 /* Player.swift */; };
		7DFF5CC32115351100AFC187 /* AppDelegate.swift in Sources */ = {isa = PBXBuildFile; fileRef = 7DFF5CC22115351100AFC187 /* AppDelegate.swift */; };
		7DFF5CC52115351100AFC187 /* WelcomeVC.swift in Sources */ = {isa = PBXBuildFile; fileRef = 7DFF5CC42115351100AFC187 /* WelcomeVC.swift */; };
		7DFF5CC82115351100AFC187 /* Main.storyboard in Resources */ = {isa = PBXBuildFile; fileRef = 7DFF5CC62115351100AFC187 /* Main.storyboard */; };
		7DFF5CCA2115351400AFC187 /* Assets.xcassets in Resources */ = {isa = PBXBuildFile; fileRef = 7DFF5CC92115351400AFC187 /* Assets.xcassets */; };
		7DFF5CCD2115351400AFC187 /* LaunchScreen.storyboard in Resources */ = {isa = PBXBuildFile; fileRef = 7DFF5CCB2115351400AFC187 /* LaunchScreen.storyboard */; };
		7DFF5CD821153E7400AFC187 /* BorderButton.swift in Sources */ = {isa = PBXBuildFile; fileRef = 7DFF5CD721153E7400AFC187 /* BorderButton.swift */; };
/* End PBXBuildFile section */

/* Begin PBXFileReference section */
		7DD47455211753A0005AE955 /* LeagueVC.swift */ = {isa = PBXFileReference; lastKnownFileType = sourcecode.swift; path = LeagueVC.swift; sourceTree = "<group>"; };
		7DD47457211753C4005AE955 /* SkillVC.swift */ = {isa = PBXFileReference; lastKnownFileType = sourcecode.swift; path = SkillVC.swift; sourceTree = "<group>"; };
		7DD4745921176012005AE955 /* Player.swift */ = {isa = PBXFileReference; lastKnownFileType = sourcecode.swift; path = Player.swift; sourceTree = "<group>"; };
		7DFF5CBF2115351100AFC187 /* app-swoosh.app */ = {isa = PBXFileReference; explicitFileType = wrapper.application; includeInIndex = 0; path = "app-swoosh.app"; sourceTree = BUILT_PRODUCTS_DIR; };
		7DFF5CC22115351100AFC187 /* AppDelegate.swift */ = {isa = PBXFileReference; lastKnownFileType = sourcecode.swift; path = AppDelegate.swift; sourceTree = "<group>"; };
		7DFF5CC42115351100AFC187 /* WelcomeVC.swift */ = {isa = PBXFileReference; lastKnownFileType = sourcecode.swift; path = WelcomeVC.swift; sourceTree = "<group>"; };
		7DFF5CC72115351100AFC187 /* Base */ = {isa = PBXFileReference; lastKnownFileType = file.storyboard; name = Base; path = Base.lproj/Main.storyboard; sourceTree = "<group>"; };
		7DFF5CC92115351400AFC187 /* Assets.xcassets */ = {isa = PBXFileReference; lastKnownFileType = folder.assetcatalog; path = Assets.xcassets; sourceTree = "<group>"; };
		7DFF5CCC2115351400AFC187 /* Base */ = {isa = PBXFileReference; lastKnownFileType = file.storyboard; name = Base; path = Base.lproj/LaunchScreen.storyboard; sourceTree = "<group>"; };
		7DFF5CCE2115351400AFC187 /* Info.plist */ = {isa = PBXFileReference; lastKnownFileType = text.plist.xml; path = Info.plist; sourceTree = "<group>"; };
		7DFF5CD721153E7400AFC187 /* BorderButton.swift */ = {isa = PBXFileReference; lastKnownFileType = sourcecode.swift; path = BorderButton.swift; sourceTree = "<group>"; };
/* End PBXFileReference section */

/* Begin PBXFrameworksBuildPhase section */
		7DFF5CBC2115351100AFC187 /* Frameworks */ = {
			isa = PBXFrameworksBuildPhase;
			buildActionMask = 2147483647;
			files = (
			);
			runOnlyForDeploymentPostprocessing = 0;
		};
/* End PBXFrameworksBuildPhase section */

/* Begin PBXGroup section */
		7DD47453211751B9005AE955 /* Controller */ = {
			isa = PBXGroup;
			children = (
				7DFF5CC42115351100AFC187 /* WelcomeVC.swift */,
				7DD47455211753A0005AE955 /* LeagueVC.swift */,
				7DD47457211753C4005AE955 /* SkillVC.swift */,
			);
			path = Controller;
			sourceTree = "<group>";
		};
		7DD47454211751DA005AE955 /* Model */ = {
			isa = PBXGroup;
			children = (
				7DD4745921176012005AE955 /* Player.swift */,
			);
			path = Model;
			sourceTree = "<group>";
		};
		7DFF5CB62115351100AFC187 = {
			isa = PBXGroup;
			children = (
				7DFF5CC12115351100AFC187 /* app-swoosh */,
				7DFF5CC02115351100AFC187 /* Products */,
			);
			sourceTree = "<group>";
		};
		7DFF5CC02115351100AFC187 /* Products */ = {
			isa = PBXGroup;
			children = (
				7DFF5CBF2115351100AFC187 /* app-swoosh.app */,
			);
			name = Products;
			sourceTree = "<group>";
		};
		7DFF5CC12115351100AFC187 /* app-swoosh */ = {
			isa = PBXGroup;
			children = (
				7DD47454211751DA005AE955 /* Model */,
				7DD47453211751B9005AE955 /* Controller */,
				7DFF5CD621153DF800AFC187 /* Views */,
				7DFF5CC22115351100AFC187 /* AppDelegate.swift */,
				7DFF5CC62115351100AFC187 /* Main.storyboard */,
				7DFF5CC92115351400AFC187 /* Assets.xcassets */,
				7DFF5CCB2115351400AFC187 /* LaunchScreen.storyboard */,
				7DFF5CCE2115351400AFC187 /* Info.plist */,
			);
			path = "app-swoosh";
			sourceTree = "<group>";
		};
		7DFF5CD621153DF800AFC187 /* Views */ = {
			isa = PBXGroup;
			children = (
				7DFF5CD721153E7400AFC187 /* BorderButton.swift */,
			);
			path = Views;
			sourceTree = "<group>";
		};
/* End PBXGroup section */

/* Begin PBXNativeTarget section */
		7DFF5CBE2115351100AFC187 /* app-swoosh */ = {
			isa = PBXNativeTarget;
			buildConfigurationList = 7DFF5CD12115351400AFC187 /* Build configuration list for PBXNativeTarget "app-swoosh" */;
			buildPhases = (
				7DFF5CBB2115351100AFC187 /* Sources */,
				7DFF5CBC2115351100AFC187 /* Frameworks */,
				7DFF5CBD2115351100AFC187 /* Resources */,
			);
			buildRules = (
			);
			dependencies = (
			);
			name = "app-swoosh";
			productName = "app-swoosh";
			productReference = 7DFF5CBF2115351100AFC187 /* app-swoosh.app */;
			productType = "com.apple.product-type.application";
		};
/* End PBXNativeTarget section */

/* Begin PBXProject section */
		7DFF5CB72115351100AFC187 /* Project object */ = {
			isa = PBXProject;
			attributes = {
				LastSwiftUpdateCheck = 0940;
				LastUpgradeCheck = 0940;
				ORGANIZATIONNAME = paaron;
				TargetAttributes = {
					7DFF5CBE2115351100AFC187 = {
						CreatedOnToolsVersion = 9.4.1;
					};
				};
			};
			buildConfigurationList = 7DFF5CBA2115351100AFC187 /* Build configuration list for PBXProject "app-swoosh" */;
			compatibilityVersion = "Xcode 9.3";
			developmentRegion = en;
			hasScannedForEncodings = 0;
			knownRegions = (
				en,
				Base,
			);
			mainGroup = 7DFF5CB62115351100AFC187;
			productRefGroup = 7DFF5CC02115351100AFC187 /* Products */;
			projectDirPath = "";
			projectRoot = "";
			targets = (
				7DFF5CBE2115351100AFC187 /* app-swoosh */,
			);
		};
/* End PBXProject section */

/* Begin PBXResourcesBuildPhase section */
		7DFF5CBD2115351100AFC187 /* Resources */ = {
			isa = PBXResourcesBuildPhase;
			buildActionMask = 2147483647;
			files = (
				7DFF5CCD2115351400AFC187 /* LaunchScreen.storyboard in Resources */,
				7DFF5CCA2115351400AFC187 /* Assets.xcassets in Resources */,
				7DFF5CC82115351100AFC187 /* Main.storyboard in Resources */,
			);
			runOnlyForDeploymentPostprocessing = 0;
		};
/* End PBXResourcesBuildPhase section */

/* Begin PBXSourcesBuildPhase section */
		7DFF5CBB2115351100AFC187 /* Sources */ = {
			isa = PBXSourcesBuildPhase;
			buildActionMask = 2147483647;
			files = (
				7DFF5CC52115351100AFC187 /* WelcomeVC.swift in Sources */,
				7DD47456211753A0005AE955 /* LeagueVC.swift in Sources */,
				7DFF5CC32115351100AFC187 /* AppDelegate.swift in Sources */,
				7DD47458211753C4005AE955 /* SkillVC.swift in Sources */,
				7DD4745A21176012005AE955 /* Player.swift in Sources */,
				7DFF5CD821153E7400AFC187 /* BorderButton.swift in Sources */,
			);
			runOnlyForDeploymentPostprocessing = 0;
		};
/* End PBXSourcesBuildPhase section */

/* Begin PBXVariantGroup section */
		7DFF5CC62115351100AFC187 /* Main.storyboard */ = {
			isa = PBXVariantGroup;
			children = (
				7DFF5CC72115351100AFC187 /* Base */,
			);
			name = Main.storyboard;
			sourceTree = "<group>";
		};
		7DFF5CCB2115351400AFC187 /* LaunchScreen.storyboard */ = {
			isa = PBXVariantGroup;
			children = (
				7DFF5CCC2115351400AFC187 /* Base */,
			);
			name = LaunchScreen.storyboard;
			sourceTree = "<group>";
		};
/* End PBXVariantGroup section */

/* Begin XCBuildConfiguration section */
		7DFF5CCF2115351400AFC187 /* Debug */ = {
			isa = XCBuildConfiguration;
			buildSettings = {
				ALWAYS_SEARCH_USER_PATHS = NO;
				CLANG_ANALYZER_NONNULL = YES;
				CLANG_ANALYZER_NUMBER_OBJECT_CONVERSION = YES_AGGRESSIVE;
				CLANG_CXX_LANGUAGE_STANDARD = "gnu++14";
				CLANG_CXX_LIBRARY = "libc++";
				CLANG_ENABLE_MODULES = YES;
				CLANG_ENABLE_OBJC_ARC = YES;
				CLANG_ENABLE_OBJC_WEAK = YES;
				CLANG_WARN_BLOCK_CAPTURE_AUTORELEASING = YES;
				CLANG_WARN_BOOL_CONVERSION = YES;
				CLANG_WARN_COMMA = YES;
				CLANG_WARN_CONSTANT_CONVERSION = YES;
				CLANG_WARN_DEPRECATED_OBJC_IMPLEMENTATIONS = YES;
				CLANG_WARN_DIRECT_OBJC_ISA_USAGE = YES_ERROR;
				CLANG_WARN_DOCUMENTATION_COMMENTS = YES;
				CLANG_WARN_EMPTY_BODY = YES;
				CLANG_WARN_ENUM_CONVERSION = YES;
				CLANG_WARN_INFINITE_RECURSION = YES;
				CLANG_WARN_INT_CONVERSION = YES;
				CLANG_WARN_NON_LITERAL_NULL_CONVERSION = YES;
				CLANG_WARN_OBJC_IMPLICIT_RETAIN_SELF = YES;
				CLANG_WARN_OBJC_LITERAL_CONVERSION = YES;
				CLANG_WARN_OBJC_ROOT_CLASS = YES_ERROR;
				CLANG_WARN_RANGE_LOOP_ANALYSIS = YES;
				CLANG_WARN_STRICT_PROTOTYPES = YES;
				CLANG_WARN_SUSPICIOUS_MOVE = YES;
				CLANG_WARN_UNGUARDED_AVAILABILITY = YES_AGGRESSIVE;
				CLANG_WARN_UNREACHABLE_CODE = YES;
				CLANG_WARN__DUPLICATE_METHOD_MATCH = YES;
				CODE_SIGN_IDENTITY = "iPhone Developer";
				COPY_PHASE_STRIP = NO;
				DEBUG_INFORMATION_FORMAT = dwarf;
				ENABLE_STRICT_OBJC_MSGSEND = YES;
				ENABLE_TESTABILITY = YES;
				GCC_C_LANGUAGE_STANDARD = gnu11;
				GCC_DYNAMIC_NO_PIC = NO;
				GCC_NO_COMMON_BLOCKS = YES;
				GCC_OPTIMIZATION_LEVEL = 0;
				GCC_PREPROCESSOR_DEFINITIONS = (
					"DEBUG=1",
					"$(inherited)",
				);
				GCC_WARN_64_TO_32_BIT_CONVERSION = YES;
				GCC_WARN_ABOUT_RETURN_TYPE = YES_ERROR;
				GCC_WARN_UNDECLARED_SELECTOR = YES;
				GCC_WARN_UNINITIALIZED_AUTOS = YES_AGGRESSIVE;
				GCC_WARN_UNUSED_FUNCTION = YES;
				GCC_WARN_UNUSED_VARIABLE = YES;
				IPHONEOS_DEPLOYMENT_TARGET = 11.4;
				MTL_ENABLE_DEBUG_INFO = YES;
				ONLY_ACTIVE_ARCH = YES;
				SDKROOT = iphoneos;
				SWIFT_ACTIVE_COMPILATION_CONDITIONS = DEBUG;
				SWIFT_OPTIMIZATION_LEVEL = "-Onone";
			};
			name = Debug;
		};
		7DFF5CD02115351400AFC187 /* Release */ = {
			isa = XCBuildConfiguration;
			buildSettings = {
				ALWAYS_SEARCH_USER_PATHS = NO;
				CLANG_ANALYZER_NONNULL = YES;
				CLANG_ANALYZER_NUMBER_OBJECT_CONVERSION = YES_AGGRESSIVE;
				CLANG_CXX_LANGUAGE_STANDARD = "gnu++14";
				CLANG_CXX_LIBRARY = "libc++";
				CLANG_ENABLE_MODULES = YES;
				CLANG_ENABLE_OBJC_ARC = YES;
				CLANG_ENABLE_OBJC_WEAK = YES;
				CLANG_WARN_BLOCK_CAPTURE_AUTORELEASING = YES;
				CLANG_WARN_BOOL_CONVERSION = YES;
				CLANG_WARN_COMMA = YES;
				CLANG_WARN_CONSTANT_CONVERSION = YES;
				CLANG_WARN_DEPRECATED_OBJC_IMPLEMENTATIONS = YES;
				CLANG_WARN_DIRECT_OBJC_ISA_USAGE = YES_ERROR;
				CLANG_WARN_DOCUMENTATION_COMMENTS = YES;
				CLANG_WARN_EMPTY_BODY = YES;
				CLANG_WARN_ENUM_CONVERSION = YES;
				CLANG_WARN_INFINITE_RECURSION = YES;
				CLANG_WARN_INT_CONVERSION = YES;
				CLANG_WARN_NON_LITERAL_NULL_CONVERSION = YES;
				CLANG_WARN_OBJC_IMPLICIT_RETAIN_SELF = YES;
				CLANG_WARN_OBJC_LITERAL_CONVERSION = YES;
				CLANG_WARN_OBJC_ROOT_CLASS = YES_ERROR;
				CLANG_WARN_RANGE_LOOP_ANALYSIS = YES;
				CLANG_WARN_STRICT_PROTOTYPES = YES;
				CLANG_WARN_SUSPICIOUS_MOVE = YES;
				CLANG_WARN_UNGUARDED_AVAILABILITY = YES_AGGRESSIVE;
				CLANG_WARN_UNREACHABLE_CODE = YES;
				CLANG_WARN__DUPLICATE_METHOD_MATCH = YES;
				CODE_SIGN_IDENTITY = "iPhone Developer";
				COPY_PHASE_STRIP = NO;
				DEBUG_INFORMATION_FORMAT = "dwarf-with-dsym";
				ENABLE_NS_ASSERTIONS = NO;
				ENABLE_STRICT_OBJC_MSGSEND = YES;
				GCC_C_LANGUAGE_STANDARD = gnu11;
				GCC_NO_COMMON_BLOCKS = YES;
				GCC_WARN_64_TO_32_BIT_CONVERSION = YES;
				GCC_WARN_ABOUT_RETURN_TYPE = YES_ERROR;
				GCC_WARN_UNDECLARED_SELECTOR = YES;
				GCC_WARN_UNINITIALIZED_AUTOS = YES_AGGRESSIVE;
				GCC_WARN_UNUSED_FUNCTION = YES;
				GCC_WARN_UNUSED_VARIABLE = YES;
				IPHONEOS_DEPLOYMENT_TARGET = 11.4;
				MTL_ENABLE_DEBUG_INFO = NO;
				SDKROOT = iphoneos;
				SWIFT_COMPILATION_MODE = wholemodule;
				SWIFT_OPTIMIZATION_LEVEL = "-O";
				VALIDATE_PRODUCT = YES;
			};
			name = Release;
		};
		7DFF5CD22115351400AFC187 /* Debug */ = {
			isa = XCBuildConfiguration;
			buildSettings = {
				ASSETCATALOG_COMPILER_APPICON_NAME = AppIcon;
				CODE_SIGN_STYLE = Automatic;
				DEVELOPMENT_TEAM = 3697S79ZZ9;
				INFOPLIST_FILE = "app-swoosh/Info.plist";
				LD_RUNPATH_SEARCH_PATHS = (
					"$(inherited)",
					"@executable_path/Frameworks",
				);
				PRODUCT_BUNDLE_IDENTIFIER = "com.paaron.app-swoosh";
				PRODUCT_NAME = "$(TARGET_NAME)";
				SWIFT_VERSION = 4.0;
				TARGETED_DEVICE_FAMILY = "1,2";
			};
			name = Debug;
		};
		7DFF5CD32115351400AFC187 /* Release */ = {
			isa = XCBuildConfiguration;
			buildSettings = {
				ASSETCATALOG_COMPILER_APPICON_NAME = AppIcon;
				CODE_SIGN_STYLE = Automatic;
				DEVELOPMENT_TEAM = 3697S79ZZ9;
				INFOPLIST_FILE = "app-swoosh/Info.plist";
				LD_RUNPATH_SEARCH_PATHS = (
					"$(inherited)",
					"@executable_path/Frameworks",
				);
				PRODUCT_BUNDLE_IDENTIFIER = "com.paaron.app-swoosh";
				PRODUCT_NAME = "$(TARGET_NAME)";
				SWIFT_VERSION = 4.0;
				TARGETED_DEVICE_FAMILY = "1,2";
			};
			name = Release;
		};
/* End XCBuildConfiguration section */

/* Begin XCConfigurationList section */
		7DFF5CBA2115351100AFC187 /* Build configuration list for PBXProject "app-swoosh" */ = {
			isa = XCConfigurationList;
			buildConfigurations = (
				7DFF5CCF2115351400AFC187 /* Debug */,
				7DFF5CD02115351400AFC187 /* Release */,
			);
			defaultConfigurationIsVisible = 0;
			defaultConfigurationName = Release;
		};
		7DFF5CD12115351400AFC187 /* Build configuration list for PBXNativeTarget "app-swoosh" */ = {
			isa = XCConfigurationList;
			buildConfigurations = (
				7DFF5CD22115351400AFC187 /* Debug */,
				7DFF5CD32115351400AFC187 /* Release */,
			);
			defaultConfigurationIsVisible = 0;
			defaultConfigurationName = Release;
		};
/* End XCConfigurationList section */
	};
	rootObject = 7DFF5CB72115351100AFC187 /* Project object */;
}
